
Microsoft Visual Studio Solution File, Format Version 11.00
# Visual Studio 2010
Project("{F184B08F-C81C-45F6-A57F-5ABD9991F28F}") = "VDB", "VDB.vbproj", "{D1AC9C21-BAC9-4C7C-9FDD-E6249D0D7CA8}"
EndProject
Global
	GlobalSection(SolutionConfigurationPlatforms) = preSolution
		Debug|Any CPU = Debug|Any CPU
		Release|Any CPU = Release|Any CPU
	EndGlobalSection
	GlobalSection(ProjectConfigurationPlatforms) = postSolution
		{D1AC9C21-BAC9-4C7C-9FDD-E6249D0D7CA8}.Debug|Any CPU.ActiveCfg = Debug|Any CPU
		{D1AC9C21-BAC9-4C7C-9FDD-E6249D0D7CA8}.Debug|Any CPU.Build.0 = Debug|Any CPU
		{D1AC9C21-BAC9-4C7C-9FDD-E6249D0D7CA8}.Release|Any CPU.ActiveCfg = Release|Any CPU
		{D1AC9C21-BAC9-4C7C-9FDD-E6249D0D7CA8}.Release|Any CPU.Build.0 = Release|Any CPU
	EndGlobalSection
	GlobalSection(SolutionProperties) = preSolution
		HideSolutionNode = FALSE
	EndGlobalSection
EndGlobal
